
Microsoft Visual Studio Solution File, Format Version 12.00
# Visual Studio Version 17
VisualStudioVersion = 17.14.36429.23 d17.14
MinimumVisualStudioVersion = 10.0.40219.1
Project("{FAE04EC0-301F-11D3-BF4B-00C04F79EFBC}") = "task3(2)", "task3(2)\task3(2).csproj", "{D00C7E0A-4ED8-412B-A50E-FF245CBEBDA6}"
EndProject
Global
	GlobalSection(SolutionConfigurationPlatforms) = preSolution
		Debug|Any CPU = Debug|Any CPU
		Release|Any CPU = Release|Any CPU
	EndGlobalSection
	GlobalSection(ProjectConfigurationPlatforms) = postSolution
		{D00C7E0A-4ED8-412B-A50E-FF245CBEBDA6}.Debug|Any CPU.ActiveCfg = Debug|Any CPU
		{D00C7E0A-4ED8-412B-A50E-FF245CBEBDA6}.Debug|Any CPU.Build.0 = Debug|Any CPU
		{D00C7E0A-4ED8-412B-A50E-FF245CBEBDA6}.Release|Any CPU.ActiveCfg = Release|Any CPU
		{D00C7E0A-4ED8-412B-A50E-FF245CBEBDA6}.Release|Any CPU.Build.0 = Release|Any CPU
	EndGlobalSection
	GlobalSection(SolutionProperties) = preSolution
		HideSolutionNode = FALSE
	EndGlobalSection
	GlobalSection(ExtensibilityGlobals) = postSolution
		SolutionGuid = {8DFE9E12-0034-402C-B9AD-87C26860B0E4}
	EndGlobalSection
EndGlobal
